
Microsoft Visual Studio Solution File, Format Version 12.00
# Visual Studio 14
VisualStudioVersion = 14.0.24720.0
MinimumVisualStudioVersion = 10.0.40219.1
Project("{2150E333-8FDC-42A3-9474-1A3956D46DE8}") = "_Solution Items", "_Solution Items", "{D81A4076-1A21-4825-AC47-EBF05860676F}"
	ProjectSection(SolutionItems) = preProject
		global.json = global.json
	EndProjectSection
EndProject
Project("{8BB2217D-0F2D-49D1-97BC-3654ED321F3B}") = "Skimur", "src\Skimur\Skimur.xproj", "{A3F1115A-8EFD-4FF9-8186-F07F16066930}"
EndProject
Project("{8BB2217D-0F2D-49D1-97BC-3654ED321F3B}") = "Emails", "src\Emails\Emails\Emails.xproj", "{EEF2709B-285B-4A3B-BE99-814F98DCD573}"
EndProject
Project("{8BB2217D-0F2D-49D1-97BC-3654ED321F3B}") = "Skimur.Web", "src\Skimur.Web\Skimur.Web.xproj", "{B5E9303D-DEDB-41D0-95D9-91BC7CE5F5E9}"
EndProject
Project("{2150E333-8FDC-42A3-9474-1A3956D46DE8}") = "Utilities", "Utilities", "{B9E1D1F3-BD21-403F-AA30-8FA43E473BA2}"
EndProject
Project("{8BB2217D-0F2D-49D1-97BC-3654ED321F3B}") = "Migrations", "src\Utilities\Migrations\Migrations.xproj", "{6F501D93-46EA-4A78-8DD5-8FD4DD06F063}"
EndProject
Project("{8BB2217D-0F2D-49D1-97BC-3654ED321F3B}") = "Emails.Handlers", "src\Emails\Emails.Handlers\Emails.Handlers.xproj", "{E27D4B2C-0DE1-457F-A1CB-8A4394116558}"
EndProject
Project("{8BB2217D-0F2D-49D1-97BC-3654ED321F3B}") = "Skimur.Markdown", "src\Skimur.Markdown\Skimur.Markdown.xproj", "{2D0707B0-50C9-4B50-82F7-F5C36A1D7C89}"
EndProject
Project("{8BB2217D-0F2D-49D1-97BC-3654ED321F3B}") = "Skimur.Scraper", "src\Skimur.Scraper\Skimur.Scraper.xproj", "{C209DCE3-B716-4637-AEE7-306049F40806}"
EndProject
Project("{2150E333-8FDC-42A3-9474-1A3956D46DE8}") = "3rd Party", "3rd Party", "{C33F77C7-8FE5-4276-B6F3-26D61FC01E1B}"
EndProject
Project("{8BB2217D-0F2D-49D1-97BC-3654ED321F3B}") = "Microsoft.AspNet.NodeServices", "submodules\NodeServices\Microsoft.AspNet.NodeServices\Microsoft.AspNet.NodeServices.xproj", "{B0FA4175-8B29-4904-9780-28B3C24B0567}"
EndProject
Project("{8BB2217D-0F2D-49D1-97BC-3654ED321F3B}") = "MirroredContentSync", "src\Utilities\MirroredContentSync\MirroredContentSync.xproj", "{834F7598-1126-4DCD-BF92-882F5A8A293E}"
EndProject
Project("{8BB2217D-0F2D-49D1-97BC-3654ED321F3B}") = "Tasks", "src\Utilities\Tasks\Tasks.xproj", "{0A9B8219-5D8C-407E-983F-7BDB8E64DF84}"
EndProject
Project("{2150E333-8FDC-42A3-9474-1A3956D46DE8}") = "docs", "docs", "{C793FAD1-122F-42B1-9154-FC08617E33EC}"
	ProjectSection(SolutionItems) = preProject
		docs\DEVELOPMENT.md = docs\DEVELOPMENT.md
	EndProjectSection
EndProject
Project("{8BB2217D-0F2D-49D1-97BC-3654ED321F3B}") = "Skimur.App", "src\Skimur.App\Skimur.App.xproj", "{A17631C3-16B2-4147-AA49-F2F6452A9FDD}"
EndProject
Project("{8BB2217D-0F2D-49D1-97BC-3654ED321F3B}") = "Skimur.App.Handlers", "src\Skimur.App.Handlers\Skimur.App.Handlers.xproj", "{BCA488CD-D2A7-40B9-8C66-47625CFFED82}"
EndProject
Global
	GlobalSection(SolutionConfigurationPlatforms) = preSolution
		Debug|Any CPU = Debug|Any CPU
		Release|Any CPU = Release|Any CPU
	EndGlobalSection
	GlobalSection(ProjectConfigurationPlatforms) = postSolution
		{A3F1115A-8EFD-4FF9-8186-F07F16066930}.Debug|Any CPU.ActiveCfg = Debug|Any CPU
		{A3F1115A-8EFD-4FF9-8186-F07F16066930}.Debug|Any CPU.Build.0 = Debug|Any CPU
		{A3F1115A-8EFD-4FF9-8186-F07F16066930}.Release|Any CPU.ActiveCfg = Release|Any CPU
		{A3F1115A-8EFD-4FF9-8186-F07F16066930}.Release|Any CPU.Build.0 = Release|Any CPU
		{EEF2709B-285B-4A3B-BE99-814F98DCD573}.Debug|Any CPU.ActiveCfg = Debug|Any CPU
		{EEF2709B-285B-4A3B-BE99-814F98DCD573}.Debug|Any CPU.Build.0 = Debug|Any CPU
		{EEF2709B-285B-4A3B-BE99-814F98DCD573}.Release|Any CPU.ActiveCfg = Release|Any CPU
		{EEF2709B-285B-4A3B-BE99-814F98DCD573}.Release|Any CPU.Build.0 = Release|Any CPU
		{B5E9303D-DEDB-41D0-95D9-91BC7CE5F5E9}.Debug|Any CPU.ActiveCfg = Debug|Any CPU
		{B5E9303D-DEDB-41D0-95D9-91BC7CE5F5E9}.Debug|Any CPU.Build.0 = Debug|Any CPU
		{B5E9303D-DEDB-41D0-95D9-91BC7CE5F5E9}.Release|Any CPU.ActiveCfg = Release|Any CPU
		{B5E9303D-DEDB-41D0-95D9-91BC7CE5F5E9}.Release|Any CPU.Build.0 = Release|Any CPU
		{6F501D93-46EA-4A78-8DD5-8FD4DD06F063}.Debug|Any CPU.ActiveCfg = Debug|Any CPU
		{6F501D93-46EA-4A78-8DD5-8FD4DD06F063}.Debug|Any CPU.Build.0 = Debug|Any CPU
		{6F501D93-46EA-4A78-8DD5-8FD4DD06F063}.Release|Any CPU.ActiveCfg = Release|Any CPU
		{6F501D93-46EA-4A78-8DD5-8FD4DD06F063}.Release|Any CPU.Build.0 = Release|Any CPU
		{E27D4B2C-0DE1-457F-A1CB-8A4394116558}.Debug|Any CPU.ActiveCfg = Debug|Any CPU
		{E27D4B2C-0DE1-457F-A1CB-8A4394116558}.Debug|Any CPU.Build.0 = Debug|Any CPU
		{E27D4B2C-0DE1-457F-A1CB-8A4394116558}.Release|Any CPU.ActiveCfg = Release|Any CPU
		{E27D4B2C-0DE1-457F-A1CB-8A4394116558}.Release|Any CPU.Build.0 = Release|Any CPU
		{2D0707B0-50C9-4B50-82F7-F5C36A1D7C89}.Debug|Any CPU.ActiveCfg = Debug|Any CPU
		{2D0707B0-50C9-4B50-82F7-F5C36A1D7C89}.Debug|Any CPU.Build.0 = Debug|Any CPU
		{2D0707B0-50C9-4B50-82F7-F5C36A1D7C89}.Release|Any CPU.ActiveCfg = Release|Any CPU
		{2D0707B0-50C9-4B50-82F7-F5C36A1D7C89}.Release|Any CPU.Build.0 = Release|Any CPU
		{C209DCE3-B716-4637-AEE7-306049F40806}.Debug|Any CPU.ActiveCfg = Debug|Any CPU
		{C209DCE3-B716-4637-AEE7-306049F40806}.Debug|Any CPU.Build.0 = Debug|Any CPU
		{C209DCE3-B716-4637-AEE7-306049F40806}.Release|Any CPU.ActiveCfg = Release|Any CPU
		{C209DCE3-B716-4637-AEE7-306049F40806}.Release|Any CPU.Build.0 = Release|Any CPU
		{B0FA4175-8B29-4904-9780-28B3C24B0567}.Debug|Any CPU.ActiveCfg = Debug|Any CPU
		{B0FA4175-8B29-4904-9780-28B3C24B0567}.Debug|Any CPU.Build.0 = Debug|Any CPU
		{B0FA4175-8B29-4904-9780-28B3C24B0567}.Release|Any CPU.ActiveCfg = Release|Any CPU
		{B0FA4175-8B29-4904-9780-28B3C24B0567}.Release|Any CPU.Build.0 = Release|Any CPU
		{834F7598-1126-4DCD-BF92-882F5A8A293E}.Debug|Any CPU.ActiveCfg = Debug|Any CPU
		{834F7598-1126-4DCD-BF92-882F5A8A293E}.Debug|Any CPU.Build.0 = Debug|Any CPU
		{834F7598-1126-4DCD-BF92-882F5A8A293E}.Release|Any CPU.ActiveCfg = Release|Any CPU
		{834F7598-1126-4DCD-BF92-882F5A8A293E}.Release|Any CPU.Build.0 = Release|Any CPU
		{0A9B8219-5D8C-407E-983F-7BDB8E64DF84}.Debug|Any CPU.ActiveCfg = Debug|Any CPU
		{0A9B8219-5D8C-407E-983F-7BDB8E64DF84}.Debug|Any CPU.Build.0 = Debug|Any CPU
		{0A9B8219-5D8C-407E-983F-7BDB8E64DF84}.Release|Any CPU.ActiveCfg = Release|Any CPU
		{0A9B8219-5D8C-407E-983F-7BDB8E64DF84}.Release|Any CPU.Build.0 = Release|Any CPU
		{A17631C3-16B2-4147-AA49-F2F6452A9FDD}.Debug|Any CPU.ActiveCfg = Debug|Any CPU
		{A17631C3-16B2-4147-AA49-F2F6452A9FDD}.Debug|Any CPU.Build.0 = Debug|Any CPU
		{A17631C3-16B2-4147-AA49-F2F6452A9FDD}.Release|Any CPU.ActiveCfg = Release|Any CPU
		{A17631C3-16B2-4147-AA49-F2F6452A9FDD}.Release|Any CPU.Build.0 = Release|Any CPU
		{BCA488CD-D2A7-40B9-8C66-47625CFFED82}.Debug|Any CPU.ActiveCfg = Debug|Any CPU
		{BCA488CD-D2A7-40B9-8C66-47625CFFED82}.Debug|Any CPU.Build.0 = Debug|Any CPU
		{BCA488CD-D2A7-40B9-8C66-47625CFFED82}.Release|Any CPU.ActiveCfg = Release|Any CPU
		{BCA488CD-D2A7-40B9-8C66-47625CFFED82}.Release|Any CPU.Build.0 = Release|Any CPU
	EndGlobalSection
	GlobalSection(SolutionProperties) = preSolution
		HideSolutionNode = FALSE
	EndGlobalSection
	GlobalSection(NestedProjects) = preSolution
		{6F501D93-46EA-4A78-8DD5-8FD4DD06F063} = {B9E1D1F3-BD21-403F-AA30-8FA43E473BA2}
		{B0FA4175-8B29-4904-9780-28B3C24B0567} = {C33F77C7-8FE5-4276-B6F3-26D61FC01E1B}
		{834F7598-1126-4DCD-BF92-882F5A8A293E} = {B9E1D1F3-BD21-403F-AA30-8FA43E473BA2}
		{0A9B8219-5D8C-407E-983F-7BDB8E64DF84} = {B9E1D1F3-BD21-403F-AA30-8FA43E473BA2}
		{C793FAD1-122F-42B1-9154-FC08617E33EC} = {D81A4076-1A21-4825-AC47-EBF05860676F}
	EndGlobalSection
EndGlobal
