
Microsoft Visual Studio Solution File, Format Version 12.00
# Visual Studio 14
VisualStudioVersion = 14.0.23107.0
MinimumVisualStudioVersion = 10.0.40219.1
Project("{2150E333-8FDC-42A3-9474-1A3956D46DE8}") = "_Global", "_Global", "{D81A4076-1A21-4825-AC47-EBF05860676F}"
	ProjectSection(SolutionItems) = preProject
		global.json = global.json
	EndProjectSection
EndProject
Project("{8BB2217D-0F2D-49D1-97BC-3654ED321F3B}") = "Skimur", "src\Skimur\Skimur.xproj", "{A3F1115A-8EFD-4FF9-8186-F07F16066930}"
EndProject
Project("{2150E333-8FDC-42A3-9474-1A3956D46DE8}") = "Subs", "Subs", "{7F9A6E76-23A6-46B0-A334-FE1579D71518}"
EndProject
Project("{2150E333-8FDC-42A3-9474-1A3956D46DE8}") = "Membership", "Membership", "{C2B1D5B8-22D5-4FE6-B6E6-06360C2F4627}"
EndProject
Project("{8BB2217D-0F2D-49D1-97BC-3654ED321F3B}") = "Subs", "src\Subs\Subs\Subs.xproj", "{A71F4B15-FF8E-4179-9980-B2F8211432D6}"
EndProject
Project("{8BB2217D-0F2D-49D1-97BC-3654ED321F3B}") = "Membership", "src\Membership\Membership\Membership.xproj", "{32B33BF3-EA75-41BC-A25E-7E641EB92BD8}"
EndProject
Project("{8BB2217D-0F2D-49D1-97BC-3654ED321F3B}") = "Emails", "src\Emails\Emails\Emails.xproj", "{EEF2709B-285B-4A3B-BE99-814F98DCD573}"
EndProject
Project("{8BB2217D-0F2D-49D1-97BC-3654ED321F3B}") = "Skimur.Web", "src\Skimur.Web\Skimur.Web.xproj", "{B5E9303D-DEDB-41D0-95D9-91BC7CE5F5E9}"
EndProject
Project("{2150E333-8FDC-42A3-9474-1A3956D46DE8}") = "Utilities", "Utilities", "{B9E1D1F3-BD21-403F-AA30-8FA43E473BA2}"
EndProject
Project("{8BB2217D-0F2D-49D1-97BC-3654ED321F3B}") = "Migrations", "src\Utilities\Migrations\Migrations.xproj", "{6F501D93-46EA-4A78-8DD5-8FD4DD06F063}"
EndProject
Global
	GlobalSection(SolutionConfigurationPlatforms) = preSolution
		Debug|Any CPU = Debug|Any CPU
		Release|Any CPU = Release|Any CPU
	EndGlobalSection
	GlobalSection(ProjectConfigurationPlatforms) = postSolution
		{A3F1115A-8EFD-4FF9-8186-F07F16066930}.Debug|Any CPU.ActiveCfg = Debug|Any CPU
		{A3F1115A-8EFD-4FF9-8186-F07F16066930}.Debug|Any CPU.Build.0 = Debug|Any CPU
		{A3F1115A-8EFD-4FF9-8186-F07F16066930}.Release|Any CPU.ActiveCfg = Release|Any CPU
		{A3F1115A-8EFD-4FF9-8186-F07F16066930}.Release|Any CPU.Build.0 = Release|Any CPU
		{A71F4B15-FF8E-4179-9980-B2F8211432D6}.Debug|Any CPU.ActiveCfg = Debug|Any CPU
		{A71F4B15-FF8E-4179-9980-B2F8211432D6}.Debug|Any CPU.Build.0 = Debug|Any CPU
		{A71F4B15-FF8E-4179-9980-B2F8211432D6}.Release|Any CPU.ActiveCfg = Release|Any CPU
		{A71F4B15-FF8E-4179-9980-B2F8211432D6}.Release|Any CPU.Build.0 = Release|Any CPU
		{32B33BF3-EA75-41BC-A25E-7E641EB92BD8}.Debug|Any CPU.ActiveCfg = Debug|Any CPU
		{32B33BF3-EA75-41BC-A25E-7E641EB92BD8}.Debug|Any CPU.Build.0 = Debug|Any CPU
		{32B33BF3-EA75-41BC-A25E-7E641EB92BD8}.Release|Any CPU.ActiveCfg = Release|Any CPU
		{32B33BF3-EA75-41BC-A25E-7E641EB92BD8}.Release|Any CPU.Build.0 = Release|Any CPU
		{EEF2709B-285B-4A3B-BE99-814F98DCD573}.Debug|Any CPU.ActiveCfg = Debug|Any CPU
		{EEF2709B-285B-4A3B-BE99-814F98DCD573}.Debug|Any CPU.Build.0 = Debug|Any CPU
		{EEF2709B-285B-4A3B-BE99-814F98DCD573}.Release|Any CPU.ActiveCfg = Release|Any CPU
		{EEF2709B-285B-4A3B-BE99-814F98DCD573}.Release|Any CPU.Build.0 = Release|Any CPU
		{B5E9303D-DEDB-41D0-95D9-91BC7CE5F5E9}.Debug|Any CPU.ActiveCfg = Debug|Any CPU
		{B5E9303D-DEDB-41D0-95D9-91BC7CE5F5E9}.Debug|Any CPU.Build.0 = Debug|Any CPU
		{B5E9303D-DEDB-41D0-95D9-91BC7CE5F5E9}.Release|Any CPU.ActiveCfg = Release|Any CPU
		{B5E9303D-DEDB-41D0-95D9-91BC7CE5F5E9}.Release|Any CPU.Build.0 = Release|Any CPU
		{6F501D93-46EA-4A78-8DD5-8FD4DD06F063}.Debug|Any CPU.ActiveCfg = Debug|Any CPU
		{6F501D93-46EA-4A78-8DD5-8FD4DD06F063}.Debug|Any CPU.Build.0 = Debug|Any CPU
		{6F501D93-46EA-4A78-8DD5-8FD4DD06F063}.Release|Any CPU.ActiveCfg = Release|Any CPU
		{6F501D93-46EA-4A78-8DD5-8FD4DD06F063}.Release|Any CPU.Build.0 = Release|Any CPU
	EndGlobalSection
	GlobalSection(SolutionProperties) = preSolution
		HideSolutionNode = FALSE
	EndGlobalSection
	GlobalSection(NestedProjects) = preSolution
		{A71F4B15-FF8E-4179-9980-B2F8211432D6} = {7F9A6E76-23A6-46B0-A334-FE1579D71518}
		{32B33BF3-EA75-41BC-A25E-7E641EB92BD8} = {C2B1D5B8-22D5-4FE6-B6E6-06360C2F4627}
		{6F501D93-46EA-4A78-8DD5-8FD4DD06F063} = {B9E1D1F3-BD21-403F-AA30-8FA43E473BA2}
	EndGlobalSection
EndGlobal
