
Microsoft Visual Studio Solution File, Format Version 12.00
# Visual Studio 14
VisualStudioVersion = 14.0.23107.0
MinimumVisualStudioVersion = 10.0.40219.1
Project("{2150E333-8FDC-42A3-9474-1A3956D46DE8}") = "Infrastructure", "Infrastructure", "{0C8BBA97-CBA9-47F7-9178-9EC87A16C9A3}"
EndProject
Project("{FAE04EC0-301F-11D3-BF4B-00C04F79EFBC}") = "Infrastructure", "Infrastructure\Infrastructure\Infrastructure.csproj", "{96B29923-9A5B-4E16-A88A-E9A9FBF2ACB8}"
EndProject
Project("{FAE04EC0-301F-11D3-BF4B-00C04F79EFBC}") = "Infrastructure.Tests", "Infrastructure\Infrastructure.Tests\Infrastructure.Tests.csproj", "{7EA341F2-80FB-473C-A677-163118265EA0}"
EndProject
Project("{2150E333-8FDC-42A3-9474-1A3956D46DE8}") = "Web", "Web", "{0AC61F9B-CDDD-42E1-8FCD-378359A38975}"
EndProject
Project("{FAE04EC0-301F-11D3-BF4B-00C04F79EFBC}") = "Infrastructure.Email", "Infrastructure\Infrastructure.Email\Infrastructure.Email.csproj", "{09714176-2E5C-4343-AE4F-92703A570EAE}"
EndProject
Project("{FAE04EC0-301F-11D3-BF4B-00C04F79EFBC}") = "Infrastructure.Messaging", "Infrastructure\Infrastructure.Messaging\Infrastructure.Messaging.csproj", "{C6B0B972-C670-44C4-8B32-73F1F60446D3}"
EndProject
Project("{2150E333-8FDC-42A3-9474-1A3956D46DE8}") = "Subs", "Subs", "{8BBD123F-1480-40B9-8306-5F1C81497E80}"
EndProject
Project("{FAE04EC0-301F-11D3-BF4B-00C04F79EFBC}") = "Subs", "Subs\Subs\Subs.csproj", "{8566E066-9B0F-4E7B-97A0-A2D40978DE26}"
EndProject
Project("{2150E333-8FDC-42A3-9474-1A3956D46DE8}") = "RabbitMQ", "RabbitMQ", "{D83C8EE6-5E3D-40B1-94C2-98F114F79EAA}"
EndProject
Project("{FAE04EC0-301F-11D3-BF4B-00C04F79EFBC}") = "Infrastructure.Messaging.RabbitMQ", "Infrastructure\Infrastructure.Messaging.RabbitMQ\Infrastructure.Messaging.RabbitMQ.csproj", "{B140C823-507A-4CBB-BBA0-D120A942CAF1}"
EndProject
Project("{FAE04EC0-301F-11D3-BF4B-00C04F79EFBC}") = "Subs.Contracts", "Subs\Subs.Contracts\Subs.Contracts.csproj", "{9F77B20B-0632-4760-99D0-96CF9A1218E5}"
EndProject
Project("{FAE04EC0-301F-11D3-BF4B-00C04F79EFBC}") = "Subs.Worker", "Subs\Subs.Worker\Subs.Worker.csproj", "{454DCBFB-9497-4E9E-98DF-3C4067978193}"
EndProject
Project("{FAE04EC0-301F-11D3-BF4B-00C04F79EFBC}") = "Subs.Worker.Cons", "Subs\Subs.Worker.Cons\Subs.Worker.Cons.csproj", "{9E71126B-51F2-4EE9-8AD7-18353D0A074D}"
EndProject
Project("{FAE04EC0-301F-11D3-BF4B-00C04F79EFBC}") = "Skimur", "Skimur\Skimur.csproj", "{82DB3086-36CE-4B0B-B374-426D891E2E16}"
EndProject
Project("{FAE04EC0-301F-11D3-BF4B-00C04F79EFBC}") = "Skimur.Web", "Skimur.Web\Skimur.Web.csproj", "{571CC1EE-4ECF-4DB9-AE40-5996B9FD2D7D}"
EndProject
Project("{FAE04EC0-301F-11D3-BF4B-00C04F79EFBC}") = "Skimur.Web.Public", "Skimur.Web.Public\Skimur.Web.Public.csproj", "{6BBA359C-8CFF-4E55-A5C2-6ECBD2B1B6F5}"
EndProject
Project("{2150E333-8FDC-42A3-9474-1A3956D46DE8}") = "Tests", "Tests", "{20FC42D2-5944-4CAA-B1D6-AFF34174C386}"
EndProject
Project("{FAE04EC0-301F-11D3-BF4B-00C04F79EFBC}") = "Skimur.Tests", "Skimur.Tests\Skimur.Tests.csproj", "{EFFE72CE-DA71-40DA-A082-C76F24083687}"
EndProject
Project("{FAE04EC0-301F-11D3-BF4B-00C04F79EFBC}") = "Subs.Tests", "Subs\Subs.Tests\Subs.Tests.csproj", "{65D7CBD0-84AC-42E8-979D-4FE7EAE7FA29}"
EndProject
Project("{FAE04EC0-301F-11D3-BF4B-00C04F79EFBC}") = "Skimur.Markdown", "Skimur.Markdown\Skimur.Markdown.csproj", "{6E215BD9-7494-4C84-AF04-5E700CE945B8}"
EndProject
Project("{FAE04EC0-301F-11D3-BF4B-00C04F79EFBC}") = "Infrastructure.Caching", "Infrastructure\Infrastructure.Caching\Infrastructure.Caching.csproj", "{9AEF4E4B-8584-4A15-91A2-9BDB05A4EC1A}"
EndProject
Project("{FAE04EC0-301F-11D3-BF4B-00C04F79EFBC}") = "Infrastructure.Settings", "Infrastructure\Infrastructure.Settings\Infrastructure.Settings.csproj", "{88F01EB4-4319-43DB-AC7C-7F79BE5B15DF}"
EndProject
Project("{FAE04EC0-301F-11D3-BF4B-00C04F79EFBC}") = "Infrastructure.Cassandra", "Infrastructure\Infrastructure.Cassandra\Infrastructure.Cassandra.csproj", "{85E9DA82-E70C-48D6-B95E-37343A0A2349}"
EndProject
Project("{FAE04EC0-301F-11D3-BF4B-00C04F79EFBC}") = "Infrastructure.Logging", "Infrastructure\Infrastructure.Logging\Infrastructure.Logging.csproj", "{BBE64678-393A-46E3-996F-99314FEB68EE}"
EndProject
Project("{FAE04EC0-301F-11D3-BF4B-00C04F79EFBC}") = "Infrastructure.Postgres", "Infrastructure\Infrastructure.Postgres\Infrastructure.Postgres.csproj", "{5183BFB2-2537-465C-B89D-E407B8EE8F13}"
EndProject
Project("{2150E333-8FDC-42A3-9474-1A3956D46DE8}") = "Membership", "Membership", "{24EC9BAB-3C49-4CAC-B0AC-A15844A930EC}"
EndProject
Project("{FAE04EC0-301F-11D3-BF4B-00C04F79EFBC}") = "Membership", "Membership\Membership\Membership.csproj", "{64AC9CB0-B80B-449A-9C75-FE45F8745FDF}"
EndProject
Project("{FAE04EC0-301F-11D3-BF4B-00C04F79EFBC}") = "Migrations", "Infrastructure\Migrations\Migrations.csproj", "{DDA1DCBA-4EE4-4D86-9748-02DD9EF1767D}"
EndProject
Project("{FAE04EC0-301F-11D3-BF4B-00C04F79EFBC}") = "Skimur.TestData", "Skimur.TestData\Skimur.TestData.csproj", "{ECBC0258-20B2-4458-8735-FF30E8D074A3}"
EndProject
Project("{2150E333-8FDC-42A3-9474-1A3956D46DE8}") = "Emails", "Emails", "{AACEEDA0-47DF-4DCC-B821-A47000693676}"
EndProject
Project("{FAE04EC0-301F-11D3-BF4B-00C04F79EFBC}") = "Emails", "Emails\Emails\Emails.csproj", "{7925A90D-B001-4DE4-851B-764E6E6B1663}"
EndProject
Project("{FAE04EC0-301F-11D3-BF4B-00C04F79EFBC}") = "Emails.Handlers", "Emails\Emails.Handlers\Emails.Handlers.csproj", "{61E7E1A8-0B14-4892-968A-5ED2F6B02366}"
EndProject
Project("{FAE04EC0-301F-11D3-BF4B-00C04F79EFBC}") = "Emails.Worker", "Emails\Emails.Worker\Emails.Worker.csproj", "{3AD10F4C-EF7B-40A8-83ED-68363E341A1C}"
EndProject
Project("{2150E333-8FDC-42A3-9474-1A3956D46DE8}") = "Utilities", "Utilities", "{40C37A23-E2D5-4516-B3BB-F3B9BFA9F48F}"
EndProject
Project("{FAE04EC0-301F-11D3-BF4B-00C04F79EFBC}") = "MirroredContentSync", "Utilities\MirroredContentSync\MirroredContentSync.csproj", "{05B43DD4-B9A9-4CC5-95B9-72B1DBBE0A8D}"
EndProject
Project("{FAE04EC0-301F-11D3-BF4B-00C04F79EFBC}") = "Tasks", "Utilities\Tasks\Tasks.csproj", "{E58C9088-4287-4BF2-AA89-C9C8A6E95F30}"
EndProject
Project("{FAE04EC0-301F-11D3-BF4B-00C04F79EFBC}") = "Skimur.Scraper", "Skimur.Scraper\Skimur.Scraper.csproj", "{878CA67A-92A4-42D9-8D9D-2CDE99A0234D}"
EndProject
Global
	GlobalSection(SolutionConfigurationPlatforms) = preSolution
		Debug|Any CPU = Debug|Any CPU
		Release|Any CPU = Release|Any CPU
	EndGlobalSection
	GlobalSection(ProjectConfigurationPlatforms) = postSolution
		{96B29923-9A5B-4E16-A88A-E9A9FBF2ACB8}.Debug|Any CPU.ActiveCfg = Debug|Any CPU
		{96B29923-9A5B-4E16-A88A-E9A9FBF2ACB8}.Debug|Any CPU.Build.0 = Debug|Any CPU
		{96B29923-9A5B-4E16-A88A-E9A9FBF2ACB8}.Release|Any CPU.ActiveCfg = Release|Any CPU
		{96B29923-9A5B-4E16-A88A-E9A9FBF2ACB8}.Release|Any CPU.Build.0 = Release|Any CPU
		{7EA341F2-80FB-473C-A677-163118265EA0}.Debug|Any CPU.ActiveCfg = Debug|Any CPU
		{7EA341F2-80FB-473C-A677-163118265EA0}.Debug|Any CPU.Build.0 = Debug|Any CPU
		{7EA341F2-80FB-473C-A677-163118265EA0}.Release|Any CPU.ActiveCfg = Release|Any CPU
		{7EA341F2-80FB-473C-A677-163118265EA0}.Release|Any CPU.Build.0 = Release|Any CPU
		{09714176-2E5C-4343-AE4F-92703A570EAE}.Debug|Any CPU.ActiveCfg = Debug|Any CPU
		{09714176-2E5C-4343-AE4F-92703A570EAE}.Debug|Any CPU.Build.0 = Debug|Any CPU
		{09714176-2E5C-4343-AE4F-92703A570EAE}.Release|Any CPU.ActiveCfg = Release|Any CPU
		{09714176-2E5C-4343-AE4F-92703A570EAE}.Release|Any CPU.Build.0 = Release|Any CPU
		{C6B0B972-C670-44C4-8B32-73F1F60446D3}.Debug|Any CPU.ActiveCfg = Debug|Any CPU
		{C6B0B972-C670-44C4-8B32-73F1F60446D3}.Debug|Any CPU.Build.0 = Debug|Any CPU
		{C6B0B972-C670-44C4-8B32-73F1F60446D3}.Release|Any CPU.ActiveCfg = Release|Any CPU
		{C6B0B972-C670-44C4-8B32-73F1F60446D3}.Release|Any CPU.Build.0 = Release|Any CPU
		{8566E066-9B0F-4E7B-97A0-A2D40978DE26}.Debug|Any CPU.ActiveCfg = Debug|Any CPU
		{8566E066-9B0F-4E7B-97A0-A2D40978DE26}.Debug|Any CPU.Build.0 = Debug|Any CPU
		{8566E066-9B0F-4E7B-97A0-A2D40978DE26}.Release|Any CPU.ActiveCfg = Release|Any CPU
		{8566E066-9B0F-4E7B-97A0-A2D40978DE26}.Release|Any CPU.Build.0 = Release|Any CPU
		{B140C823-507A-4CBB-BBA0-D120A942CAF1}.Debug|Any CPU.ActiveCfg = Debug|Any CPU
		{B140C823-507A-4CBB-BBA0-D120A942CAF1}.Debug|Any CPU.Build.0 = Debug|Any CPU
		{B140C823-507A-4CBB-BBA0-D120A942CAF1}.Release|Any CPU.ActiveCfg = Release|Any CPU
		{B140C823-507A-4CBB-BBA0-D120A942CAF1}.Release|Any CPU.Build.0 = Release|Any CPU
		{9F77B20B-0632-4760-99D0-96CF9A1218E5}.Debug|Any CPU.ActiveCfg = Debug|Any CPU
		{9F77B20B-0632-4760-99D0-96CF9A1218E5}.Debug|Any CPU.Build.0 = Debug|Any CPU
		{9F77B20B-0632-4760-99D0-96CF9A1218E5}.Release|Any CPU.ActiveCfg = Release|Any CPU
		{9F77B20B-0632-4760-99D0-96CF9A1218E5}.Release|Any CPU.Build.0 = Release|Any CPU
		{454DCBFB-9497-4E9E-98DF-3C4067978193}.Debug|Any CPU.ActiveCfg = Debug|Any CPU
		{454DCBFB-9497-4E9E-98DF-3C4067978193}.Debug|Any CPU.Build.0 = Debug|Any CPU
		{454DCBFB-9497-4E9E-98DF-3C4067978193}.Release|Any CPU.ActiveCfg = Release|Any CPU
		{454DCBFB-9497-4E9E-98DF-3C4067978193}.Release|Any CPU.Build.0 = Release|Any CPU
		{9E71126B-51F2-4EE9-8AD7-18353D0A074D}.Debug|Any CPU.ActiveCfg = Debug|Any CPU
		{9E71126B-51F2-4EE9-8AD7-18353D0A074D}.Debug|Any CPU.Build.0 = Debug|Any CPU
		{9E71126B-51F2-4EE9-8AD7-18353D0A074D}.Release|Any CPU.ActiveCfg = Release|Any CPU
		{9E71126B-51F2-4EE9-8AD7-18353D0A074D}.Release|Any CPU.Build.0 = Release|Any CPU
		{82DB3086-36CE-4B0B-B374-426D891E2E16}.Debug|Any CPU.ActiveCfg = Debug|Any CPU
		{82DB3086-36CE-4B0B-B374-426D891E2E16}.Debug|Any CPU.Build.0 = Debug|Any CPU
		{82DB3086-36CE-4B0B-B374-426D891E2E16}.Release|Any CPU.ActiveCfg = Release|Any CPU
		{82DB3086-36CE-4B0B-B374-426D891E2E16}.Release|Any CPU.Build.0 = Release|Any CPU
		{571CC1EE-4ECF-4DB9-AE40-5996B9FD2D7D}.Debug|Any CPU.ActiveCfg = Debug|Any CPU
		{571CC1EE-4ECF-4DB9-AE40-5996B9FD2D7D}.Debug|Any CPU.Build.0 = Debug|Any CPU
		{571CC1EE-4ECF-4DB9-AE40-5996B9FD2D7D}.Release|Any CPU.ActiveCfg = Release|Any CPU
		{571CC1EE-4ECF-4DB9-AE40-5996B9FD2D7D}.Release|Any CPU.Build.0 = Release|Any CPU
		{6BBA359C-8CFF-4E55-A5C2-6ECBD2B1B6F5}.Debug|Any CPU.ActiveCfg = Debug|Any CPU
		{6BBA359C-8CFF-4E55-A5C2-6ECBD2B1B6F5}.Debug|Any CPU.Build.0 = Debug|Any CPU
		{6BBA359C-8CFF-4E55-A5C2-6ECBD2B1B6F5}.Release|Any CPU.ActiveCfg = Release|Any CPU
		{6BBA359C-8CFF-4E55-A5C2-6ECBD2B1B6F5}.Release|Any CPU.Build.0 = Release|Any CPU
		{EFFE72CE-DA71-40DA-A082-C76F24083687}.Debug|Any CPU.ActiveCfg = Debug|Any CPU
		{EFFE72CE-DA71-40DA-A082-C76F24083687}.Debug|Any CPU.Build.0 = Debug|Any CPU
		{EFFE72CE-DA71-40DA-A082-C76F24083687}.Release|Any CPU.ActiveCfg = Release|Any CPU
		{EFFE72CE-DA71-40DA-A082-C76F24083687}.Release|Any CPU.Build.0 = Release|Any CPU
		{65D7CBD0-84AC-42E8-979D-4FE7EAE7FA29}.Debug|Any CPU.ActiveCfg = Debug|Any CPU
		{65D7CBD0-84AC-42E8-979D-4FE7EAE7FA29}.Debug|Any CPU.Build.0 = Debug|Any CPU
		{65D7CBD0-84AC-42E8-979D-4FE7EAE7FA29}.Release|Any CPU.ActiveCfg = Release|Any CPU
		{65D7CBD0-84AC-42E8-979D-4FE7EAE7FA29}.Release|Any CPU.Build.0 = Release|Any CPU
		{6E215BD9-7494-4C84-AF04-5E700CE945B8}.Debug|Any CPU.ActiveCfg = Debug|Any CPU
		{6E215BD9-7494-4C84-AF04-5E700CE945B8}.Debug|Any CPU.Build.0 = Debug|Any CPU
		{6E215BD9-7494-4C84-AF04-5E700CE945B8}.Release|Any CPU.ActiveCfg = Release|Any CPU
		{6E215BD9-7494-4C84-AF04-5E700CE945B8}.Release|Any CPU.Build.0 = Release|Any CPU
		{9AEF4E4B-8584-4A15-91A2-9BDB05A4EC1A}.Debug|Any CPU.ActiveCfg = Debug|Any CPU
		{9AEF4E4B-8584-4A15-91A2-9BDB05A4EC1A}.Debug|Any CPU.Build.0 = Debug|Any CPU
		{9AEF4E4B-8584-4A15-91A2-9BDB05A4EC1A}.Release|Any CPU.ActiveCfg = Release|Any CPU
		{9AEF4E4B-8584-4A15-91A2-9BDB05A4EC1A}.Release|Any CPU.Build.0 = Release|Any CPU
		{88F01EB4-4319-43DB-AC7C-7F79BE5B15DF}.Debug|Any CPU.ActiveCfg = Debug|Any CPU
		{88F01EB4-4319-43DB-AC7C-7F79BE5B15DF}.Debug|Any CPU.Build.0 = Debug|Any CPU
		{88F01EB4-4319-43DB-AC7C-7F79BE5B15DF}.Release|Any CPU.ActiveCfg = Release|Any CPU
		{88F01EB4-4319-43DB-AC7C-7F79BE5B15DF}.Release|Any CPU.Build.0 = Release|Any CPU
		{85E9DA82-E70C-48D6-B95E-37343A0A2349}.Debug|Any CPU.ActiveCfg = Debug|Any CPU
		{85E9DA82-E70C-48D6-B95E-37343A0A2349}.Debug|Any CPU.Build.0 = Debug|Any CPU
		{85E9DA82-E70C-48D6-B95E-37343A0A2349}.Release|Any CPU.ActiveCfg = Release|Any CPU
		{85E9DA82-E70C-48D6-B95E-37343A0A2349}.Release|Any CPU.Build.0 = Release|Any CPU
		{BBE64678-393A-46E3-996F-99314FEB68EE}.Debug|Any CPU.ActiveCfg = Debug|Any CPU
		{BBE64678-393A-46E3-996F-99314FEB68EE}.Debug|Any CPU.Build.0 = Debug|Any CPU
		{BBE64678-393A-46E3-996F-99314FEB68EE}.Release|Any CPU.ActiveCfg = Release|Any CPU
		{BBE64678-393A-46E3-996F-99314FEB68EE}.Release|Any CPU.Build.0 = Release|Any CPU
		{5183BFB2-2537-465C-B89D-E407B8EE8F13}.Debug|Any CPU.ActiveCfg = Debug|Any CPU
		{5183BFB2-2537-465C-B89D-E407B8EE8F13}.Debug|Any CPU.Build.0 = Debug|Any CPU
		{5183BFB2-2537-465C-B89D-E407B8EE8F13}.Release|Any CPU.ActiveCfg = Release|Any CPU
		{5183BFB2-2537-465C-B89D-E407B8EE8F13}.Release|Any CPU.Build.0 = Release|Any CPU
		{64AC9CB0-B80B-449A-9C75-FE45F8745FDF}.Debug|Any CPU.ActiveCfg = Debug|Any CPU
		{64AC9CB0-B80B-449A-9C75-FE45F8745FDF}.Debug|Any CPU.Build.0 = Debug|Any CPU
		{64AC9CB0-B80B-449A-9C75-FE45F8745FDF}.Release|Any CPU.ActiveCfg = Release|Any CPU
		{64AC9CB0-B80B-449A-9C75-FE45F8745FDF}.Release|Any CPU.Build.0 = Release|Any CPU
		{DDA1DCBA-4EE4-4D86-9748-02DD9EF1767D}.Debug|Any CPU.ActiveCfg = Debug|Any CPU
		{DDA1DCBA-4EE4-4D86-9748-02DD9EF1767D}.Debug|Any CPU.Build.0 = Debug|Any CPU
		{DDA1DCBA-4EE4-4D86-9748-02DD9EF1767D}.Release|Any CPU.ActiveCfg = Release|Any CPU
		{DDA1DCBA-4EE4-4D86-9748-02DD9EF1767D}.Release|Any CPU.Build.0 = Release|Any CPU
		{ECBC0258-20B2-4458-8735-FF30E8D074A3}.Debug|Any CPU.ActiveCfg = Debug|Any CPU
		{ECBC0258-20B2-4458-8735-FF30E8D074A3}.Debug|Any CPU.Build.0 = Debug|Any CPU
		{ECBC0258-20B2-4458-8735-FF30E8D074A3}.Release|Any CPU.ActiveCfg = Release|Any CPU
		{ECBC0258-20B2-4458-8735-FF30E8D074A3}.Release|Any CPU.Build.0 = Release|Any CPU
		{7925A90D-B001-4DE4-851B-764E6E6B1663}.Debug|Any CPU.ActiveCfg = Debug|Any CPU
		{7925A90D-B001-4DE4-851B-764E6E6B1663}.Debug|Any CPU.Build.0 = Debug|Any CPU
		{7925A90D-B001-4DE4-851B-764E6E6B1663}.Release|Any CPU.ActiveCfg = Release|Any CPU
		{7925A90D-B001-4DE4-851B-764E6E6B1663}.Release|Any CPU.Build.0 = Release|Any CPU
		{61E7E1A8-0B14-4892-968A-5ED2F6B02366}.Debug|Any CPU.ActiveCfg = Debug|Any CPU
		{61E7E1A8-0B14-4892-968A-5ED2F6B02366}.Debug|Any CPU.Build.0 = Debug|Any CPU
		{61E7E1A8-0B14-4892-968A-5ED2F6B02366}.Release|Any CPU.ActiveCfg = Release|Any CPU
		{61E7E1A8-0B14-4892-968A-5ED2F6B02366}.Release|Any CPU.Build.0 = Release|Any CPU
		{3AD10F4C-EF7B-40A8-83ED-68363E341A1C}.Debug|Any CPU.ActiveCfg = Debug|Any CPU
		{3AD10F4C-EF7B-40A8-83ED-68363E341A1C}.Debug|Any CPU.Build.0 = Debug|Any CPU
		{3AD10F4C-EF7B-40A8-83ED-68363E341A1C}.Release|Any CPU.ActiveCfg = Release|Any CPU
		{3AD10F4C-EF7B-40A8-83ED-68363E341A1C}.Release|Any CPU.Build.0 = Release|Any CPU
		{05B43DD4-B9A9-4CC5-95B9-72B1DBBE0A8D}.Debug|Any CPU.ActiveCfg = Debug|Any CPU
		{05B43DD4-B9A9-4CC5-95B9-72B1DBBE0A8D}.Debug|Any CPU.Build.0 = Debug|Any CPU
		{05B43DD4-B9A9-4CC5-95B9-72B1DBBE0A8D}.Release|Any CPU.ActiveCfg = Release|Any CPU
		{05B43DD4-B9A9-4CC5-95B9-72B1DBBE0A8D}.Release|Any CPU.Build.0 = Release|Any CPU
		{E58C9088-4287-4BF2-AA89-C9C8A6E95F30}.Debug|Any CPU.ActiveCfg = Debug|Any CPU
		{E58C9088-4287-4BF2-AA89-C9C8A6E95F30}.Debug|Any CPU.Build.0 = Debug|Any CPU
		{E58C9088-4287-4BF2-AA89-C9C8A6E95F30}.Release|Any CPU.ActiveCfg = Release|Any CPU
		{E58C9088-4287-4BF2-AA89-C9C8A6E95F30}.Release|Any CPU.Build.0 = Release|Any CPU
		{878CA67A-92A4-42D9-8D9D-2CDE99A0234D}.Debug|Any CPU.ActiveCfg = Debug|Any CPU
		{878CA67A-92A4-42D9-8D9D-2CDE99A0234D}.Debug|Any CPU.Build.0 = Debug|Any CPU
		{878CA67A-92A4-42D9-8D9D-2CDE99A0234D}.Release|Any CPU.ActiveCfg = Release|Any CPU
		{878CA67A-92A4-42D9-8D9D-2CDE99A0234D}.Release|Any CPU.Build.0 = Release|Any CPU
	EndGlobalSection
	GlobalSection(SolutionProperties) = preSolution
		HideSolutionNode = FALSE
	EndGlobalSection
	GlobalSection(NestedProjects) = preSolution
		{96B29923-9A5B-4E16-A88A-E9A9FBF2ACB8} = {0C8BBA97-CBA9-47F7-9178-9EC87A16C9A3}
		{7EA341F2-80FB-473C-A677-163118265EA0} = {0C8BBA97-CBA9-47F7-9178-9EC87A16C9A3}
		{09714176-2E5C-4343-AE4F-92703A570EAE} = {0C8BBA97-CBA9-47F7-9178-9EC87A16C9A3}
		{C6B0B972-C670-44C4-8B32-73F1F60446D3} = {0C8BBA97-CBA9-47F7-9178-9EC87A16C9A3}
		{8566E066-9B0F-4E7B-97A0-A2D40978DE26} = {8BBD123F-1480-40B9-8306-5F1C81497E80}
		{D83C8EE6-5E3D-40B1-94C2-98F114F79EAA} = {0C8BBA97-CBA9-47F7-9178-9EC87A16C9A3}
		{B140C823-507A-4CBB-BBA0-D120A942CAF1} = {D83C8EE6-5E3D-40B1-94C2-98F114F79EAA}
		{9F77B20B-0632-4760-99D0-96CF9A1218E5} = {8BBD123F-1480-40B9-8306-5F1C81497E80}
		{454DCBFB-9497-4E9E-98DF-3C4067978193} = {8BBD123F-1480-40B9-8306-5F1C81497E80}
		{9E71126B-51F2-4EE9-8AD7-18353D0A074D} = {8BBD123F-1480-40B9-8306-5F1C81497E80}
		{571CC1EE-4ECF-4DB9-AE40-5996B9FD2D7D} = {0AC61F9B-CDDD-42E1-8FCD-378359A38975}
		{6BBA359C-8CFF-4E55-A5C2-6ECBD2B1B6F5} = {0AC61F9B-CDDD-42E1-8FCD-378359A38975}
		{EFFE72CE-DA71-40DA-A082-C76F24083687} = {20FC42D2-5944-4CAA-B1D6-AFF34174C386}
		{65D7CBD0-84AC-42E8-979D-4FE7EAE7FA29} = {8BBD123F-1480-40B9-8306-5F1C81497E80}
		{9AEF4E4B-8584-4A15-91A2-9BDB05A4EC1A} = {0C8BBA97-CBA9-47F7-9178-9EC87A16C9A3}
		{88F01EB4-4319-43DB-AC7C-7F79BE5B15DF} = {0C8BBA97-CBA9-47F7-9178-9EC87A16C9A3}
		{85E9DA82-E70C-48D6-B95E-37343A0A2349} = {0C8BBA97-CBA9-47F7-9178-9EC87A16C9A3}
		{BBE64678-393A-46E3-996F-99314FEB68EE} = {0C8BBA97-CBA9-47F7-9178-9EC87A16C9A3}
		{5183BFB2-2537-465C-B89D-E407B8EE8F13} = {0C8BBA97-CBA9-47F7-9178-9EC87A16C9A3}
		{64AC9CB0-B80B-449A-9C75-FE45F8745FDF} = {24EC9BAB-3C49-4CAC-B0AC-A15844A930EC}
		{DDA1DCBA-4EE4-4D86-9748-02DD9EF1767D} = {0C8BBA97-CBA9-47F7-9178-9EC87A16C9A3}
		{7925A90D-B001-4DE4-851B-764E6E6B1663} = {AACEEDA0-47DF-4DCC-B821-A47000693676}
		{61E7E1A8-0B14-4892-968A-5ED2F6B02366} = {AACEEDA0-47DF-4DCC-B821-A47000693676}
		{3AD10F4C-EF7B-40A8-83ED-68363E341A1C} = {AACEEDA0-47DF-4DCC-B821-A47000693676}
		{05B43DD4-B9A9-4CC5-95B9-72B1DBBE0A8D} = {40C37A23-E2D5-4516-B3BB-F3B9BFA9F48F}
		{E58C9088-4287-4BF2-AA89-C9C8A6E95F30} = {40C37A23-E2D5-4516-B3BB-F3B9BFA9F48F}
	EndGlobalSection
EndGlobal
