
Microsoft Visual Studio Solution File, Format Version 12.00
# Visual Studio 14
VisualStudioVersion = 14.0.25420.1
MinimumVisualStudioVersion = 10.0.40219.1
Project("{2150E333-8FDC-42A3-9474-1A3956D46DE8}") = "src", "src", "{4244A0F5-3640-44A6-BA23-548D75766BC3}"
EndProject
Project("{2150E333-8FDC-42A3-9474-1A3956D46DE8}") = "Solution Items", "Solution Items", "{BA08DFA6-F6E2-4677-9BEB-C850D47F6C1F}"
	ProjectSection(SolutionItems) = preProject
		global.json = global.json
	EndProjectSection
EndProject
Project("{8BB2217D-0F2D-49D1-97BC-3654ED321F3B}") = "Skimur.Web", "src\Skimur.Web\Skimur.Web.xproj", "{8AEE3EC1-E03D-4EE0-830B-496015A27B1E}"
EndProject
Project("{8BB2217D-0F2D-49D1-97BC-3654ED321F3B}") = "Skimur", "src\Skimur\Skimur.xproj", "{51860415-2192-4666-9202-9D9ADB1D63FE}"
EndProject
Project("{8BB2217D-0F2D-49D1-97BC-3654ED321F3B}") = "Skimur.App", "src\Skimur.App\Skimur.App.xproj", "{33AF01DC-8481-4363-A40D-97D1F719C064}"
EndProject
Global
	GlobalSection(SolutionConfigurationPlatforms) = preSolution
		Debug|Any CPU = Debug|Any CPU
		Release|Any CPU = Release|Any CPU
	EndGlobalSection
	GlobalSection(ProjectConfigurationPlatforms) = postSolution
		{8AEE3EC1-E03D-4EE0-830B-496015A27B1E}.Debug|Any CPU.ActiveCfg = Debug|Any CPU
		{8AEE3EC1-E03D-4EE0-830B-496015A27B1E}.Debug|Any CPU.Build.0 = Debug|Any CPU
		{8AEE3EC1-E03D-4EE0-830B-496015A27B1E}.Release|Any CPU.ActiveCfg = Release|Any CPU
		{8AEE3EC1-E03D-4EE0-830B-496015A27B1E}.Release|Any CPU.Build.0 = Release|Any CPU
		{51860415-2192-4666-9202-9D9ADB1D63FE}.Debug|Any CPU.ActiveCfg = Debug|Any CPU
		{51860415-2192-4666-9202-9D9ADB1D63FE}.Debug|Any CPU.Build.0 = Debug|Any CPU
		{51860415-2192-4666-9202-9D9ADB1D63FE}.Release|Any CPU.ActiveCfg = Release|Any CPU
		{51860415-2192-4666-9202-9D9ADB1D63FE}.Release|Any CPU.Build.0 = Release|Any CPU
		{33AF01DC-8481-4363-A40D-97D1F719C064}.Debug|Any CPU.ActiveCfg = Debug|Any CPU
		{33AF01DC-8481-4363-A40D-97D1F719C064}.Debug|Any CPU.Build.0 = Debug|Any CPU
		{33AF01DC-8481-4363-A40D-97D1F719C064}.Release|Any CPU.ActiveCfg = Release|Any CPU
		{33AF01DC-8481-4363-A40D-97D1F719C064}.Release|Any CPU.Build.0 = Release|Any CPU
	EndGlobalSection
	GlobalSection(SolutionProperties) = preSolution
		HideSolutionNode = FALSE
	EndGlobalSection
	GlobalSection(NestedProjects) = preSolution
		{8AEE3EC1-E03D-4EE0-830B-496015A27B1E} = {4244A0F5-3640-44A6-BA23-548D75766BC3}
		{51860415-2192-4666-9202-9D9ADB1D63FE} = {4244A0F5-3640-44A6-BA23-548D75766BC3}
		{33AF01DC-8481-4363-A40D-97D1F719C064} = {4244A0F5-3640-44A6-BA23-548D75766BC3}
	EndGlobalSection
EndGlobal
